
Microsoft Visual Studio Solution File, Format Version 12.00
# Visual Studio Version 17
VisualStudioVersion = 17.9.34728.123
MinimumVisualStudioVersion = 10.0.40219.1
Project("{FAE04EC0-301F-11D3-BF4B-00C04F79EFBC}") = "SQLServerToSQLServer", "SQLServerToSQLServer\SQLServerToSQLServer.csproj", "{A2ABA423-1544-44B8-A99B-139311BA3F66}"
EndProject
Global
	GlobalSection(SolutionConfigurationPlatforms) = preSolution
		Debug|Any CPU = Debug|Any CPU
		Release|Any CPU = Release|Any CPU
	EndGlobalSection
	GlobalSection(ProjectConfigurationPlatforms) = postSolution
		{A2ABA423-1544-44B8-A99B-139311BA3F66}.Debug|Any CPU.ActiveCfg = Debug|Any CPU
		{A2ABA423-1544-44B8-A99B-139311BA3F66}.Debug|Any CPU.Build.0 = Debug|Any CPU
		{A2ABA423-1544-44B8-A99B-139311BA3F66}.Release|Any CPU.ActiveCfg = Release|Any CPU
		{A2ABA423-1544-44B8-A99B-139311BA3F66}.Release|Any CPU.Build.0 = Release|Any CPU
	EndGlobalSection
	GlobalSection(SolutionProperties) = preSolution
		HideSolutionNode = FALSE
	EndGlobalSection
	GlobalSection(ExtensibilityGlobals) = postSolution
		SolutionGuid = {6D791B77-2ED3-4392-93FD-71EC8C908612}
	EndGlobalSection
EndGlobal
